// !$*UTF8*$!
{
	archiveVersion = 1;
	classes = {
	};
	objectVersion = 48;
	objects = {

/* Begin PBXBuildFile section */
		DED87D2120A7C26D004EC81A /* AppDelegate.swift in Sources */ = {isa = PBXBuildFile; fileRef = DED87D2020A7C26D004EC81A /* AppDelegate.swift */; };
		DED87D2320A7C26D004EC81A /* ViewController.swift in Sources */ = {isa = PBXBuildFile; fileRef = DED87D2220A7C26D004EC81A /* ViewController.swift */; };
		DED87D2620A7C26D004EC81A /* Main.storyboard in Resources */ = {isa = PBXBuildFile; fileRef = DED87D2420A7C26D004EC81A /* Main.storyboard */; };
		DED87D2820A7C26F004EC81A /* Assets.xcassets in Resources */ = {isa = PBXBuildFile; fileRef = DED87D2720A7C26F004EC81A /* Assets.xcassets */; };
		DED87D2B20A7C26F004EC81A /* LaunchScreen.storyboard in Resources */ = {isa = PBXBuildFile; fileRef = DED87D2920A7C26F004EC81A /* LaunchScreen.storyboard */; };
		DED87D3A20A7C489004EC81A /* CreateOrderPresenter.swift in Sources */ = {isa = PBXBuildFile; fileRef = DED87D3420A7C489004EC81A /* CreateOrderPresenter.swift */; };
		DED87D3B20A7C489004EC81A /* CreateOrderWorker.swift in Sources */ = {isa = PBXBuildFile; fileRef = DED87D3520A7C489004EC81A /* CreateOrderWorker.swift */; };
		DED87D3C20A7C489004EC81A /* CreateOrderRouter.swift in Sources */ = {isa = PBXBuildFile; fileRef = DED87D3620A7C489004EC81A /* CreateOrderRouter.swift */; };
		DED87D3D20A7C489004EC81A /* CreateOrderModels.swift in Sources */ = {isa = PBXBuildFile; fileRef = DED87D3720A7C489004EC81A /* CreateOrderModels.swift */; };
		DED87D3E20A7C489004EC81A /* CreateOrderViewController.swift in Sources */ = {isa = PBXBuildFile; fileRef = DED87D3820A7C489004EC81A /* CreateOrderViewController.swift */; };
		DED87D3F20A7C489004EC81A /* CreateOrderInteractor.swift in Sources */ = {isa = PBXBuildFile; fileRef = DED87D3920A7C489004EC81A /* CreateOrderInteractor.swift */; };
/* End PBXBuildFile section */

/* Begin PBXFileReference section */
		DED87D1D20A7C26D004EC81A /* CleanStore.app */ = {isa = PBXFileReference; explicitFileType = wrapper.application; includeInIndex = 0; path = CleanStore.app; sourceTree = BUILT_PRODUCTS_DIR; };
		DED87D2020A7C26D004EC81A /* AppDelegate.swift */ = {isa = PBXFileReference; lastKnownFileType = sourcecode.swift; path = AppDelegate.swift; sourceTree = "<group>"; };
		DED87D2220A7C26D004EC81A /* ViewController.swift */ = {isa = PBXFileReference; lastKnownFileType = sourcecode.swift; path = ViewController.swift; sourceTree = "<group>"; };
		DED87D2520A7C26D004EC81A /* Base */ = {isa = PBXFileReference; lastKnownFileType = file.storyboard; name = Base; path = Base.lproj/Main.storyboard; sourceTree = "<group>"; };
		DED87D2720A7C26F004EC81A /* Assets.xcassets */ = {isa = PBXFileReference; lastKnownFileType = folder.assetcatalog; path = Assets.xcassets; sourceTree = "<group>"; };
		DED87D2A20A7C26F004EC81A /* Base */ = {isa = PBXFileReference; lastKnownFileType = file.storyboard; name = Base; path = Base.lproj/LaunchScreen.storyboard; sourceTree = "<group>"; };
		DED87D2C20A7C26F004EC81A /* Info.plist */ = {isa = PBXFileReference; lastKnownFileType = text.plist.xml; path = Info.plist; sourceTree = "<group>"; };
		DED87D3420A7C489004EC81A /* CreateOrderPresenter.swift */ = {isa = PBXFileReference; lastKnownFileType = sourcecode.swift; path = CreateOrderPresenter.swift; sourceTree = "<group>"; };
		DED87D3520A7C489004EC81A /* CreateOrderWorker.swift */ = {isa = PBXFileReference; lastKnownFileType = sourcecode.swift; path = CreateOrderWorker.swift; sourceTree = "<group>"; };
		DED87D3620A7C489004EC81A /* CreateOrderRouter.swift */ = {isa = PBXFileReference; lastKnownFileType = sourcecode.swift; path = CreateOrderRouter.swift; sourceTree = "<group>"; };
		DED87D3720A7C489004EC81A /* CreateOrderModels.swift */ = {isa = PBXFileReference; lastKnownFileType = sourcecode.swift; path = CreateOrderModels.swift; sourceTree = "<group>"; };
		DED87D3820A7C489004EC81A /* CreateOrderViewController.swift */ = {isa = PBXFileReference; lastKnownFileType = sourcecode.swift; path = CreateOrderViewController.swift; sourceTree = "<group>"; };
		DED87D3920A7C489004EC81A /* CreateOrderInteractor.swift */ = {isa = PBXFileReference; lastKnownFileType = sourcecode.swift; path = CreateOrderInteractor.swift; sourceTree = "<group>"; };
/* End PBXFileReference section */

/* Begin PBXFrameworksBuildPhase section */
		DED87D1A20A7C26D004EC81A /* Frameworks */ = {
			isa = PBXFrameworksBuildPhase;
			buildActionMask = 2147483647;
			files = (
			);
			runOnlyForDeploymentPostprocessing = 0;
		};
/* End PBXFrameworksBuildPhase section */

/* Begin PBXGroup section */
		DED87D1420A7C26D004EC81A = {
			isa = PBXGroup;
			children = (
				DED87D1F20A7C26D004EC81A /* CleanStore */,
				DED87D1E20A7C26D004EC81A /* Products */,
			);
			sourceTree = "<group>";
		};
		DED87D1E20A7C26D004EC81A /* Products */ = {
			isa = PBXGroup;
			children = (
				DED87D1D20A7C26D004EC81A /* CleanStore.app */,
			);
			name = Products;
			sourceTree = "<group>";
		};
		DED87D1F20A7C26D004EC81A /* CleanStore */ = {
			isa = PBXGroup;
			children = (
				DED87D3220A7C34F004EC81A /* Scenes */,
				DED87D2020A7C26D004EC81A /* AppDelegate.swift */,
				DED87D2220A7C26D004EC81A /* ViewController.swift */,
				DED87D2420A7C26D004EC81A /* Main.storyboard */,
				DED87D2720A7C26F004EC81A /* Assets.xcassets */,
				DED87D2920A7C26F004EC81A /* LaunchScreen.storyboard */,
				DED87D2C20A7C26F004EC81A /* Info.plist */,
			);
			path = CleanStore;
			sourceTree = "<group>";
		};
		DED87D3220A7C34F004EC81A /* Scenes */ = {
			isa = PBXGroup;
			children = (
				DED87D3320A7C353004EC81A /* CreateOrder */,
			);
			path = Scenes;
			sourceTree = "<group>";
		};
		DED87D3320A7C353004EC81A /* CreateOrder */ = {
			isa = PBXGroup;
			children = (
				DED87D3420A7C489004EC81A /* CreateOrderPresenter.swift */,
				DED87D3520A7C489004EC81A /* CreateOrderWorker.swift */,
				DED87D3620A7C489004EC81A /* CreateOrderRouter.swift */,
				DED87D3720A7C489004EC81A /* CreateOrderModels.swift */,
				DED87D3820A7C489004EC81A /* CreateOrderViewController.swift */,
				DED87D3920A7C489004EC81A /* CreateOrderInteractor.swift */,
			);
			path = CreateOrder;
			sourceTree = "<group>";
		};
/* End PBXGroup section */

/* Begin PBXNativeTarget section */
		DED87D1C20A7C26D004EC81A /* CleanStore */ = {
			isa = PBXNativeTarget;
			buildConfigurationList = DED87D2F20A7C26F004EC81A /* Build configuration list for PBXNativeTarget "CleanStore" */;
			buildPhases = (
				DED87D1920A7C26D004EC81A /* Sources */,
				DED87D1A20A7C26D004EC81A /* Frameworks */,
				DED87D1B20A7C26D004EC81A /* Resources */,
			);
			buildRules = (
			);
			dependencies = (
			);
			name = CleanStore;
			productName = CleanStore;
			productReference = DED87D1D20A7C26D004EC81A /* CleanStore.app */;
			productType = "com.apple.product-type.application";
		};
/* End PBXNativeTarget section */

/* Begin PBXProject section */
		DED87D1520A7C26D004EC81A /* Project object */ = {
			isa = PBXProject;
			attributes = {
				LastSwiftUpdateCheck = 0930;
				LastUpgradeCheck = 0930;
				ORGANIZATIONNAME = "Santiago Peláez";
				TargetAttributes = {
					DED87D1C20A7C26D004EC81A = {
						CreatedOnToolsVersion = 9.3.1;
						ProvisioningStyle = Automatic;
					};
				};
			};
			buildConfigurationList = DED87D1820A7C26D004EC81A /* Build configuration list for PBXProject "CleanStore" */;
			compatibilityVersion = "Xcode 8.0";
			developmentRegion = en;
			hasScannedForEncodings = 0;
			knownRegions = (
				en,
				Base,
			);
			mainGroup = DED87D1420A7C26D004EC81A;
			productRefGroup = DED87D1E20A7C26D004EC81A /* Products */;
			projectDirPath = "";
			projectRoot = "";
			targets = (
				DED87D1C20A7C26D004EC81A /* CleanStore */,
			);
		};
/* End PBXProject section */

/* Begin PBXResourcesBuildPhase section */
		DED87D1B20A7C26D004EC81A /* Resources */ = {
			isa = PBXResourcesBuildPhase;
			buildActionMask = 2147483647;
			files = (
				DED87D2B20A7C26F004EC81A /* LaunchScreen.storyboard in Resources */,
				DED87D2820A7C26F004EC81A /* Assets.xcassets in Resources */,
				DED87D2620A7C26D004EC81A /* Main.storyboard in Resources */,
			);
			runOnlyForDeploymentPostprocessing = 0;
		};
/* End PBXResourcesBuildPhase section */

/* Begin PBXSourcesBuildPhase section */
		DED87D1920A7C26D004EC81A /* Sources */ = {
			isa = PBXSourcesBuildPhase;
			buildActionMask = 2147483647;
			files = (
				DED87D3D20A7C489004EC81A /* CreateOrderModels.swift in Sources */,
				DED87D3F20A7C489004EC81A /* CreateOrderInteractor.swift in Sources */,
				DED87D3B20A7C489004EC81A /* CreateOrderWorker.swift in Sources */,
				DED87D3E20A7C489004EC81A /* CreateOrderViewController.swift in Sources */,
				DED87D2320A7C26D004EC81A /* ViewController.swift in Sources */,
				DED87D3C20A7C489004EC81A /* CreateOrderRouter.swift in Sources */,
				DED87D2120A7C26D004EC81A /* AppDelegate.swift in Sources */,
				DED87D3A20A7C489004EC81A /* CreateOrderPresenter.swift in Sources */,
			);
			runOnlyForDeploymentPostprocessing = 0;
		};
/* End PBXSourcesBuildPhase section */

/* Begin PBXVariantGroup section */
		DED87D2420A7C26D004EC81A /* Main.storyboard */ = {
			isa = PBXVariantGroup;
			children = (
				DED87D2520A7C26D004EC81A /* Base */,
			);
			name = Main.storyboard;
			sourceTree = "<group>";
		};
		DED87D2920A7C26F004EC81A /* LaunchScreen.storyboard */ = {
			isa = PBXVariantGroup;
			children = (
				DED87D2A20A7C26F004EC81A /* Base */,
			);
			name = LaunchScreen.storyboard;
			sourceTree = "<group>";
		};
/* End PBXVariantGroup section */

/* Begin XCBuildConfiguration section */
		DED87D2D20A7C26F004EC81A /* Debug */ = {
			isa = XCBuildConfiguration;
			buildSettings = {
				ALWAYS_SEARCH_USER_PATHS = NO;
				CLANG_ANALYZER_NONNULL = YES;
				CLANG_ANALYZER_NUMBER_OBJECT_CONVERSION = YES_AGGRESSIVE;
				CLANG_CXX_LANGUAGE_STANDARD = "gnu++14";
				CLANG_CXX_LIBRARY = "libc++";
				CLANG_ENABLE_MODULES = YES;
				CLANG_ENABLE_OBJC_ARC = YES;
				CLANG_ENABLE_OBJC_WEAK = YES;
				CLANG_WARN_BLOCK_CAPTURE_AUTORELEASING = YES;
				CLANG_WARN_BOOL_CONVERSION = YES;
				CLANG_WARN_COMMA = YES;
				CLANG_WARN_CONSTANT_CONVERSION = YES;
				CLANG_WARN_DEPRECATED_OBJC_IMPLEMENTATIONS = YES;
				CLANG_WARN_DIRECT_OBJC_ISA_USAGE = YES_ERROR;
				CLANG_WARN_DOCUMENTATION_COMMENTS = YES;
				CLANG_WARN_EMPTY_BODY = YES;
				CLANG_WARN_ENUM_CONVERSION = YES;
				CLANG_WARN_INFINITE_RECURSION = YES;
				CLANG_WARN_INT_CONVERSION = YES;
				CLANG_WARN_NON_LITERAL_NULL_CONVERSION = YES;
				CLANG_WARN_OBJC_IMPLICIT_RETAIN_SELF = YES;
				CLANG_WARN_OBJC_LITERAL_CONVERSION = YES;
				CLANG_WARN_OBJC_ROOT_CLASS = YES_ERROR;
				CLANG_WARN_RANGE_LOOP_ANALYSIS = YES;
				CLANG_WARN_STRICT_PROTOTYPES = YES;
				CLANG_WARN_SUSPICIOUS_MOVE = YES;
				CLANG_WARN_UNGUARDED_AVAILABILITY = YES_AGGRESSIVE;
				CLANG_WARN_UNREACHABLE_CODE = YES;
				CLANG_WARN__DUPLICATE_METHOD_MATCH = YES;
				CODE_SIGN_IDENTITY = "iPhone Developer";
				COPY_PHASE_STRIP = NO;
				DEBUG_INFORMATION_FORMAT = dwarf;
				ENABLE_STRICT_OBJC_MSGSEND = YES;
				ENABLE_TESTABILITY = YES;
				GCC_C_LANGUAGE_STANDARD = gnu11;
				GCC_DYNAMIC_NO_PIC = NO;
				GCC_NO_COMMON_BLOCKS = YES;
				GCC_OPTIMIZATION_LEVEL = 0;
				GCC_PREPROCESSOR_DEFINITIONS = (
					"DEBUG=1",
					"$(inherited)",
				);
				GCC_WARN_64_TO_32_BIT_CONVERSION = YES;
				GCC_WARN_ABOUT_RETURN_TYPE = YES_ERROR;
				GCC_WARN_UNDECLARED_SELECTOR = YES;
				GCC_WARN_UNINITIALIZED_AUTOS = YES_AGGRESSIVE;
				GCC_WARN_UNUSED_FUNCTION = YES;
				GCC_WARN_UNUSED_VARIABLE = YES;
				IPHONEOS_DEPLOYMENT_TARGET = 11.3;
				MTL_ENABLE_DEBUG_INFO = YES;
				ONLY_ACTIVE_ARCH = YES;
				SDKROOT = iphoneos;
				SWIFT_ACTIVE_COMPILATION_CONDITIONS = DEBUG;
				SWIFT_OPTIMIZATION_LEVEL = "-Onone";
			};
			name = Debug;
		};
		DED87D2E20A7C26F004EC81A /* Release */ = {
			isa = XCBuildConfiguration;
			buildSettings = {
				ALWAYS_SEARCH_USER_PATHS = NO;
				CLANG_ANALYZER_NONNULL = YES;
				CLANG_ANALYZER_NUMBER_OBJECT_CONVERSION = YES_AGGRESSIVE;
				CLANG_CXX_LANGUAGE_STANDARD = "gnu++14";
				CLANG_CXX_LIBRARY = "libc++";
				CLANG_ENABLE_MODULES = YES;
				CLANG_ENABLE_OBJC_ARC = YES;
				CLANG_ENABLE_OBJC_WEAK = YES;
				CLANG_WARN_BLOCK_CAPTURE_AUTORELEASING = YES;
				CLANG_WARN_BOOL_CONVERSION = YES;
				CLANG_WARN_COMMA = YES;
				CLANG_WARN_CONSTANT_CONVERSION = YES;
				CLANG_WARN_DEPRECATED_OBJC_IMPLEMENTATIONS = YES;
				CLANG_WARN_DIRECT_OBJC_ISA_USAGE = YES_ERROR;
				CLANG_WARN_DOCUMENTATION_COMMENTS = YES;
				CLANG_WARN_EMPTY_BODY = YES;
				CLANG_WARN_ENUM_CONVERSION = YES;
				CLANG_WARN_INFINITE_RECURSION = YES;
				CLANG_WARN_INT_CONVERSION = YES;
				CLANG_WARN_NON_LITERAL_NULL_CONVERSION = YES;
				CLANG_WARN_OBJC_IMPLICIT_RETAIN_SELF = YES;
				CLANG_WARN_OBJC_LITERAL_CONVERSION = YES;
				CLANG_WARN_OBJC_ROOT_CLASS = YES_ERROR;
				CLANG_WARN_RANGE_LOOP_ANALYSIS = YES;
				CLANG_WARN_STRICT_PROTOTYPES = YES;
				CLANG_WARN_SUSPICIOUS_MOVE = YES;
				CLANG_WARN_UNGUARDED_AVAILABILITY = YES_AGGRESSIVE;
				CLANG_WARN_UNREACHABLE_CODE = YES;
				CLANG_WARN__DUPLICATE_METHOD_MATCH = YES;
				CODE_SIGN_IDENTITY = "iPhone Developer";
				COPY_PHASE_STRIP = NO;
				DEBUG_INFORMATION_FORMAT = "dwarf-with-dsym";
				ENABLE_NS_ASSERTIONS = NO;
				ENABLE_STRICT_OBJC_MSGSEND = YES;
				GCC_C_LANGUAGE_STANDARD = gnu11;
				GCC_NO_COMMON_BLOCKS = YES;
				GCC_WARN_64_TO_32_BIT_CONVERSION = YES;
				GCC_WARN_ABOUT_RETURN_TYPE = YES_ERROR;
				GCC_WARN_UNDECLARED_SELECTOR = YES;
				GCC_WARN_UNINITIALIZED_AUTOS = YES_AGGRESSIVE;
				GCC_WARN_UNUSED_FUNCTION = YES;
				GCC_WARN_UNUSED_VARIABLE = YES;
				IPHONEOS_DEPLOYMENT_TARGET = 11.3;
				MTL_ENABLE_DEBUG_INFO = NO;
				SDKROOT = iphoneos;
				SWIFT_OPTIMIZATION_LEVEL = "-Owholemodule";
				VALIDATE_PRODUCT = YES;
			};
			name = Release;
		};
		DED87D3020A7C26F004EC81A /* Debug */ = {
			isa = XCBuildConfiguration;
			buildSettings = {
				ASSETCATALOG_COMPILER_APPICON_NAME = AppIcon;
				CODE_SIGN_STYLE = Automatic;
				DEVELOPMENT_TEAM = RUUNUA7CTC;
				INFOPLIST_FILE = CleanStore/Info.plist;
				LD_RUNPATH_SEARCH_PATHS = "$(inherited) @executable_path/Frameworks";
				PRODUCT_BUNDLE_IDENTIFIER = com.spelaez.CleanStore;
				PRODUCT_NAME = "$(TARGET_NAME)";
				SWIFT_VERSION = 4.0;
				TARGETED_DEVICE_FAMILY = 1;
			};
			name = Debug;
		};
		DED87D3120A7C26F004EC81A /* Release */ = {
			isa = XCBuildConfiguration;
			buildSettings = {
				ASSETCATALOG_COMPILER_APPICON_NAME = AppIcon;
				CODE_SIGN_STYLE = Automatic;
				DEVELOPMENT_TEAM = RUUNUA7CTC;
				INFOPLIST_FILE = CleanStore/Info.plist;
				LD_RUNPATH_SEARCH_PATHS = "$(inherited) @executable_path/Frameworks";
				PRODUCT_BUNDLE_IDENTIFIER = com.spelaez.CleanStore;
				PRODUCT_NAME = "$(TARGET_NAME)";
				SWIFT_VERSION = 4.0;
				TARGETED_DEVICE_FAMILY = 1;
			};
			name = Release;
		};
/* End XCBuildConfiguration section */

/* Begin XCConfigurationList section */
		DED87D1820A7C26D004EC81A /* Build configuration list for PBXProject "CleanStore" */ = {
			isa = XCConfigurationList;
			buildConfigurations = (
				DED87D2D20A7C26F004EC81A /* Debug */,
				DED87D2E20A7C26F004EC81A /* Release */,
			);
			defaultConfigurationIsVisible = 0;
			defaultConfigurationName = Release;
		};
		DED87D2F20A7C26F004EC81A /* Build configuration list for PBXNativeTarget "CleanStore" */ = {
			isa = XCConfigurationList;
			buildConfigurations = (
				DED87D3020A7C26F004EC81A /* Debug */,
				DED87D3120A7C26F004EC81A /* Release */,
			);
			defaultConfigurationIsVisible = 0;
			defaultConfigurationName = Release;
		};
/* End XCConfigurationList section */
	};
	rootObject = DED87D1520A7C26D004EC81A /* Project object */;
}
